{
  "name": "@rentpath/react-ui-packages",
  "version": "0.0.1",
  "lockfileVersion": 1,
  "requires": true,
  "dependencies": {
    "@types/jest": {
      "version": "20.0.4",
      "resolved": "https://registry.npmjs.org/@types/jest/-/jest-20.0.4.tgz",
      "integrity": "sha512-peWdNw8LgPMFTvTOX+VZN0R45HXnVObxdd/CkhHjXZwrjfIn/B6utU6jLwYTYf+AwWIprxzrKLEDKzSEgl09Rw==",
      "dev": true
    }
  }
}
